
Microsoft Visual Studio Solution File, Format Version 12.00
# Visual Studio Version 17
VisualStudioVersion = 17.0.32112.339
MinimumVisualStudioVersion = 10.0.40219.1
Project("{9A19103F-16F7-4668-BE54-9A1E7A4F7556}") = "OSResoursesReceiveBot", "OSResoursesReceiveBot\OSResoursesReceiveBot.csproj", "{15757210-FAE0-48F9-B216-8A560FC20AE3}"
EndProject
Project("{2150E333-8FDC-42A3-9474-1A3956D46DE8}") = "Solution Items", "Solution Items", "{5C65EBFA-58B3-4F43-A744-47F61F387048}"
	ProjectSection(SolutionItems) = preProject
		.editorconfig = .editorconfig
	EndProjectSection
EndProject
Global
	GlobalSection(SolutionConfigurationPlatforms) = preSolution
		Debug|Any CPU = Debug|Any CPU
		Release|Any CPU = Release|Any CPU
	EndGlobalSection
	GlobalSection(ProjectConfigurationPlatforms) = postSolution
		{15757210-FAE0-48F9-B216-8A560FC20AE3}.Debug|Any CPU.ActiveCfg = Debug|Any CPU
		{15757210-FAE0-48F9-B216-8A560FC20AE3}.Debug|Any CPU.Build.0 = Debug|Any CPU
		{15757210-FAE0-48F9-B216-8A560FC20AE3}.Release|Any CPU.ActiveCfg = Release|Any CPU
		{15757210-FAE0-48F9-B216-8A560FC20AE3}.Release|Any CPU.Build.0 = Release|Any CPU
	EndGlobalSection
	GlobalSection(SolutionProperties) = preSolution
		HideSolutionNode = FALSE
	EndGlobalSection
	GlobalSection(ExtensibilityGlobals) = postSolution
		SolutionGuid = {A27930CE-C495-469E-866E-B5B79520860E}
	EndGlobalSection
EndGlobal
